
Microsoft Visual Studio Solution File, Format Version 12.00
# Visual Studio Version 17
VisualStudioVersion = 17.7.34003.232
MinimumVisualStudioVersion = 10.0.40219.1
Project("{9A19103F-16F7-4668-BE54-9A1E7A4F7556}") = "AccountService", "AccountService\AccountService.csproj", "{BA35DA4E-921D-4493-956A-A48FD43BE42F}"
EndProject
Project("{9A19103F-16F7-4668-BE54-9A1E7A4F7556}") = "AccountDB", "AccountDB\AccountDB.csproj", "{7901DE94-FBAE-43E7-97DB-A2B0DE2BD347}"
EndProject
Project("{FAE04EC0-301F-11D3-BF4B-00C04F79EFBC}") = "AccountTest", "AccountTest\AccountTest.csproj", "{F4662242-8A6B-4414-B2A6-5FB1CDFA8B77}"
EndProject
Global
	GlobalSection(SolutionConfigurationPlatforms) = preSolution
		Debug|Any CPU = Debug|Any CPU
		Release|Any CPU = Release|Any CPU
	EndGlobalSection
	GlobalSection(ProjectConfigurationPlatforms) = postSolution
		{BA35DA4E-921D-4493-956A-A48FD43BE42F}.Debug|Any CPU.ActiveCfg = Debug|Any CPU
		{BA35DA4E-921D-4493-956A-A48FD43BE42F}.Debug|Any CPU.Build.0 = Debug|Any CPU
		{BA35DA4E-921D-4493-956A-A48FD43BE42F}.Release|Any CPU.ActiveCfg = Release|Any CPU
		{BA35DA4E-921D-4493-956A-A48FD43BE42F}.Release|Any CPU.Build.0 = Release|Any CPU
		{7901DE94-FBAE-43E7-97DB-A2B0DE2BD347}.Debug|Any CPU.ActiveCfg = Debug|Any CPU
		{7901DE94-FBAE-43E7-97DB-A2B0DE2BD347}.Debug|Any CPU.Build.0 = Debug|Any CPU
		{7901DE94-FBAE-43E7-97DB-A2B0DE2BD347}.Release|Any CPU.ActiveCfg = Release|Any CPU
		{7901DE94-FBAE-43E7-97DB-A2B0DE2BD347}.Release|Any CPU.Build.0 = Release|Any CPU
		{F4662242-8A6B-4414-B2A6-5FB1CDFA8B77}.Debug|Any CPU.ActiveCfg = Debug|Any CPU
		{F4662242-8A6B-4414-B2A6-5FB1CDFA8B77}.Debug|Any CPU.Build.0 = Debug|Any CPU
		{F4662242-8A6B-4414-B2A6-5FB1CDFA8B77}.Release|Any CPU.ActiveCfg = Release|Any CPU
		{F4662242-8A6B-4414-B2A6-5FB1CDFA8B77}.Release|Any CPU.Build.0 = Release|Any CPU
	EndGlobalSection
	GlobalSection(SolutionProperties) = preSolution
		HideSolutionNode = FALSE
	EndGlobalSection
	GlobalSection(ExtensibilityGlobals) = postSolution
		SolutionGuid = {0A710028-F2E1-4854-9FD3-3D60E6A76DFE}
	EndGlobalSection
EndGlobal
